{
  "nodes": {
    "fenix": {
      "inputs": {
        "nixpkgs": [
          "nixpkgs"
        ],
        "rust-analyzer-src": "rust-analyzer-src"
      },
      "locked": {
        "lastModified": 1667370833,
        "narHash": "sha256-Xqfhr+G34C6YkcwUPFYVTMN+Sbjog14XBbx7ohe/pX4=",
        "owner": "nix-community",
        "repo": "fenix",
        "rev": "5fe1e430e990d5b0715f82dbd8b6c0cb7086c7e1",
        "type": "github"
      },
      "original": {
        "owner": "nix-community",
        "repo": "fenix",
        "type": "github"
      }
    },
    "flake-utils": {
      "locked": {
        "lastModified": 1667077288,
        "narHash": "sha256-bdC8sFNDpT0HK74u9fUkpbf1MEzVYJ+ka7NXCdgBoaA=",
        "owner": "numtide",
        "repo": "flake-utils",
        "rev": "6ee9ebb6b1ee695d2cacc4faa053a7b9baa76817",
        "type": "github"
      },
      "original": {
        "owner": "numtide",
        "repo": "flake-utils",
        "type": "github"
      }
    },
    "naersk": {
      "inputs": {
        "nixpkgs": [
          "nixpkgs"
        ]
      },
      "locked": {
        "lastModified": 1662220400,
        "narHash": "sha256-9o2OGQqu4xyLZP9K6kNe1pTHnyPz0Wr3raGYnr9AIgY=",
        "owner": "nix-community",
        "repo": "naersk",
        "rev": "6944160c19cb591eb85bbf9b2f2768a935623ed3",
        "type": "github"
      },
      "original": {
        "owner": "nix-community",
        "repo": "naersk",
        "type": "github"
      }
    },
    "nixpkgs": {
      "locked": {
        "lastModified": 1667231093,
        "narHash": "sha256-RERXruzBEBuf0c7OfZeX1hxEKB+PTCUNxWeB6C1jd8Y=",
        "owner": "NixOS",
        "repo": "nixpkgs",
        "rev": "d40fea9aeb8840fea0d377baa4b38e39b9582458",
        "type": "github"
      },
      "original": {
        "id": "nixpkgs",
        "ref": "nixos-unstable",
        "type": "indirect"
      }
    },
    "root": {
      "inputs": {
        "fenix": "fenix",
        "flake-utils": "flake-utils",
        "naersk": "naersk",
        "nixpkgs": "nixpkgs"
      }
    },
    "rust-analyzer-src": {
      "flake": false,
      "locked": {
        "lastModified": 1667322067,
        "narHash": "sha256-PmIrDg9fAZl0XYlSdwMqhutIQxsQpP5YVEiaBeI3NB8=",
        "owner": "rust-lang",
        "repo": "rust-analyzer",
        "rev": "c1305fa5d92640ce847dc8e6aeefd53cb6302dbf",
        "type": "github"
      },
      "original": {
        "owner": "rust-lang",
        "ref": "nightly",
        "repo": "rust-analyzer",
        "type": "github"
      }
    }
  },
  "root": "root",
  "version": 7
}
