{
  "nodes": {
    "fenix": {
      "inputs": {
        "nixpkgs": [
          "nixpkgs"
        ],
        "rust-analyzer-src": "rust-analyzer-src"
      },
      "locked": {
        "lastModified": 1667111309,
        "narHash": "sha256-8qCdT/E4CG5dfASGsY/4zGmkPH/rAGBpC/XHUSU8dvo=",
        "owner": "nix-community",
        "repo": "fenix",
        "rev": "69088e3e1a384a23a6d048a56c9ce1a2a94a9b2a",
        "type": "github"
      },
      "original": {
        "owner": "nix-community",
        "repo": "fenix",
        "type": "github"
      }
    },
    "flake-utils": {
      "locked": {
        "lastModified": 1667077288,
        "narHash": "sha256-bdC8sFNDpT0HK74u9fUkpbf1MEzVYJ+ka7NXCdgBoaA=",
        "owner": "numtide",
        "repo": "flake-utils",
        "rev": "6ee9ebb6b1ee695d2cacc4faa053a7b9baa76817",
        "type": "github"
      },
      "original": {
        "owner": "numtide",
        "repo": "flake-utils",
        "type": "github"
      }
    },
    "naersk": {
      "inputs": {
        "nixpkgs": [
          "nixpkgs"
        ]
      },
      "locked": {
        "lastModified": 1662220400,
        "narHash": "sha256-9o2OGQqu4xyLZP9K6kNe1pTHnyPz0Wr3raGYnr9AIgY=",
        "owner": "nix-community",
        "repo": "naersk",
        "rev": "6944160c19cb591eb85bbf9b2f2768a935623ed3",
        "type": "github"
      },
      "original": {
        "owner": "nix-community",
        "repo": "naersk",
        "type": "github"
      }
    },
    "nixpkgs": {
      "locked": {
        "lastModified": 1667050928,
        "narHash": "sha256-xOn0ZgjImIyeecEsrjxuvlW7IW5genTwvvnDQRFncB8=",
        "owner": "NixOS",
        "repo": "nixpkgs",
        "rev": "fdebb81f45a1ba2c4afca5fd9f526e1653ad0949",
        "type": "github"
      },
      "original": {
        "id": "nixpkgs",
        "ref": "nixos-unstable",
        "type": "indirect"
      }
    },
    "root": {
      "inputs": {
        "fenix": "fenix",
        "flake-utils": "flake-utils",
        "naersk": "naersk",
        "nixpkgs": "nixpkgs"
      }
    },
    "rust-analyzer-src": {
      "flake": false,
      "locked": {
        "lastModified": 1667033654,
        "narHash": "sha256-D0YwkSqwtD08twtCtN5q0a8S0Y26kgDWg1ruRNEQEOw=",
        "owner": "rust-lang",
        "repo": "rust-analyzer",
        "rev": "ba28e19b7838e3ad4223ae82d074dc3950ef1548",
        "type": "github"
      },
      "original": {
        "owner": "rust-lang",
        "ref": "nightly",
        "repo": "rust-analyzer",
        "type": "github"
      }
    }
  },
  "root": "root",
  "version": 7
}
